
Microsoft Visual Studio Solution File, Format Version 12.00
# Visual Studio Version 16
VisualStudioVersion = 25.0.1706.7
MinimumVisualStudioVersion = 10.0.40219.1
Project("{FAE04EC0-301F-11D3-BF4B-00C04F79EFBC}") = "dotnet-api-demo", "dotnet-api-demo\dotnet-api-demo.csproj", "{E5A87DC1-7461-431D-BB14-5F685153B996}"
EndProject
Project("{FAE04EC0-301F-11D3-BF4B-00C04F79EFBC}") = "dotnet-api-demo.Tests", "dotnet-api-demo.Tests\dotnet-api-demo.Tests.csproj", "{BD49F7CD-99AA-407E-9259-03B67CF19DA4}"
EndProject
Project("{2150E333-8FDC-42A3-9474-1A3956D46DE8}") = "Solution Items", "Solution Items", "{49A027EA-AD91-4428-BE6F-616C522DEFAA}"
EndProject
Global
	GlobalSection(SolutionConfigurationPlatforms) = preSolution
		Debug|Any CPU = Debug|Any CPU
		Release|Any CPU = Release|Any CPU
	EndGlobalSection
	GlobalSection(ProjectConfigurationPlatforms) = postSolution
		{E5A87DC1-7461-431D-BB14-5F685153B996}.Debug|Any CPU.ActiveCfg = Debug|Any CPU
		{E5A87DC1-7461-431D-BB14-5F685153B996}.Debug|Any CPU.Build.0 = Debug|Any CPU
		{E5A87DC1-7461-431D-BB14-5F685153B996}.Release|Any CPU.ActiveCfg = Release|Any CPU
		{E5A87DC1-7461-431D-BB14-5F685153B996}.Release|Any CPU.Build.0 = Release|Any CPU
		{BD49F7CD-99AA-407E-9259-03B67CF19DA4}.Debug|Any CPU.ActiveCfg = Debug|Any CPU
		{BD49F7CD-99AA-407E-9259-03B67CF19DA4}.Debug|Any CPU.Build.0 = Debug|Any CPU
		{BD49F7CD-99AA-407E-9259-03B67CF19DA4}.Release|Any CPU.ActiveCfg = Release|Any CPU
		{BD49F7CD-99AA-407E-9259-03B67CF19DA4}.Release|Any CPU.Build.0 = Release|Any CPU
	EndGlobalSection
	GlobalSection(SolutionProperties) = preSolution
		HideSolutionNode = FALSE
	EndGlobalSection
	GlobalSection(ExtensibilityGlobals) = postSolution
		SolutionGuid = {943DE74E-320E-4811-938E-BF4578CBBA36}
	EndGlobalSection
EndGlobal
