
Microsoft Visual Studio Solution File, Format Version 12.00
# Visual Studio Version 16
VisualStudioVersion = 25.0.1706.7
MinimumVisualStudioVersion = 10.0.40219.1
Project("{FAE04EC0-301F-11D3-BF4B-00C04F79EFBC}") = "dotnet-api-demo.Tests", "dotnet-api-demo.Tests.csproj", "{7B7D6C25-CB24-4205-9F1D-5F5729A089EF}"
EndProject
Global
	GlobalSection(SolutionConfigurationPlatforms) = preSolution
		Debug|Any CPU = Debug|Any CPU
		Release|Any CPU = Release|Any CPU
	EndGlobalSection
	GlobalSection(ProjectConfigurationPlatforms) = postSolution
		{7B7D6C25-CB24-4205-9F1D-5F5729A089EF}.Debug|Any CPU.ActiveCfg = Debug|Any CPU
		{7B7D6C25-CB24-4205-9F1D-5F5729A089EF}.Debug|Any CPU.Build.0 = Debug|Any CPU
		{7B7D6C25-CB24-4205-9F1D-5F5729A089EF}.Release|Any CPU.ActiveCfg = Release|Any CPU
		{7B7D6C25-CB24-4205-9F1D-5F5729A089EF}.Release|Any CPU.Build.0 = Release|Any CPU
	EndGlobalSection
	GlobalSection(SolutionProperties) = preSolution
		HideSolutionNode = FALSE
	EndGlobalSection
	GlobalSection(ExtensibilityGlobals) = postSolution
		SolutionGuid = {ADF7F8FC-F3DE-4680-A9C2-A38AECAC44AF}
	EndGlobalSection
EndGlobal
